
Microsoft Visual Studio Solution File, Format Version 12.00
# Visual Studio Version 16
VisualStudioVersion = 16.0.29728.190
MinimumVisualStudioVersion = 10.0.40219.1
Project("{FAE04EC0-301F-11D3-BF4B-00C04F79EFBC}") = "Contact plug-in", "Contact plug-in\Contact plug-in.csproj", "{8E0FF2D6-5B77-4D97-BB52-AA03DC4B5951}"
EndProject
Global
	GlobalSection(SolutionConfigurationPlatforms) = preSolution
		Debug|Any CPU = Debug|Any CPU
		Release|Any CPU = Release|Any CPU
	EndGlobalSection
	GlobalSection(ProjectConfigurationPlatforms) = postSolution
		{8E0FF2D6-5B77-4D97-BB52-AA03DC4B5951}.Debug|Any CPU.ActiveCfg = Debug|Any CPU
		{8E0FF2D6-5B77-4D97-BB52-AA03DC4B5951}.Debug|Any CPU.Build.0 = Debug|Any CPU
		{8E0FF2D6-5B77-4D97-BB52-AA03DC4B5951}.Release|Any CPU.ActiveCfg = Release|Any CPU
		{8E0FF2D6-5B77-4D97-BB52-AA03DC4B5951}.Release|Any CPU.Build.0 = Release|Any CPU
	EndGlobalSection
	GlobalSection(SolutionProperties) = preSolution
		HideSolutionNode = FALSE
	EndGlobalSection
	GlobalSection(ExtensibilityGlobals) = postSolution
		SolutionGuid = {78ACB3AE-86B3-4B9C-AF0C-BD785E874549}
	EndGlobalSection
EndGlobal
